// !$*UTF8*$!
{
	archiveVersion = 1;
	classes = {
	};
	objectVersion = 50;
	objects = {

/* Begin PBXBuildFile section */
		29CE2E02251206A200154178 /* AppDelegate.swift in Sources */ = {isa = PBXBuildFile; fileRef = 29CE2E01251206A200154178 /* AppDelegate.swift */; };
		29CE2E04251206A200154178 /* SceneDelegate.swift in Sources */ = {isa = PBXBuildFile; fileRef = 29CE2E03251206A200154178 /* SceneDelegate.swift */; };
		29CE2E06251206A200154178 /* ViewController.swift in Sources */ = {isa = PBXBuildFile; fileRef = 29CE2E05251206A200154178 /* ViewController.swift */; };
		29CE2E09251206A200154178 /* Main.storyboard in Resources */ = {isa = PBXBuildFile; fileRef = 29CE2E07251206A200154178 /* Main.storyboard */; };
		29CE2E0B251206A700154178 /* Assets.xcassets in Resources */ = {isa = PBXBuildFile; fileRef = 29CE2E0A251206A700154178 /* Assets.xcassets */; };
		29CE2E0E251206A700154178 /* LaunchScreen.storyboard in Resources */ = {isa = PBXBuildFile; fileRef = 29CE2E0C251206A700154178 /* LaunchScreen.storyboard */; };
		29CE2E18251209AF00154178 /* SecondViewController.swift in Sources */ = {isa = PBXBuildFile; fileRef = 29CE2E17251209AF00154178 /* SecondViewController.swift */; };
/* End PBXBuildFile section */

/* Begin PBXFileReference section */
		29CE2DFE251206A200154178 /* Notification-Observer-Pattern.app */ = {isa = PBXFileReference; explicitFileType = wrapper.application; includeInIndex = 0; path = "Notification-Observer-Pattern.app"; sourceTree = BUILT_PRODUCTS_DIR; };
		29CE2E01251206A200154178 /* AppDelegate.swift */ = {isa = PBXFileReference; lastKnownFileType = sourcecode.swift; path = AppDelegate.swift; sourceTree = "<group>"; };
		29CE2E03251206A200154178 /* SceneDelegate.swift */ = {isa = PBXFileReference; lastKnownFileType = sourcecode.swift; path = SceneDelegate.swift; sourceTree = "<group>"; };
		29CE2E05251206A200154178 /* ViewController.swift */ = {isa = PBXFileReference; lastKnownFileType = sourcecode.swift; path = ViewController.swift; sourceTree = "<group>"; };
		29CE2E08251206A200154178 /* Base */ = {isa = PBXFileReference; lastKnownFileType = file.storyboard; name = Base; path = Base.lproj/Main.storyboard; sourceTree = "<group>"; };
		29CE2E0A251206A700154178 /* Assets.xcassets */ = {isa = PBXFileReference; lastKnownFileType = folder.assetcatalog; path = Assets.xcassets; sourceTree = "<group>"; };
		29CE2E0D251206A700154178 /* Base */ = {isa = PBXFileReference; lastKnownFileType = file.storyboard; name = Base; path = Base.lproj/LaunchScreen.storyboard; sourceTree = "<group>"; };
		29CE2E0F251206A700154178 /* Info.plist */ = {isa = PBXFileReference; lastKnownFileType = text.plist.xml; path = Info.plist; sourceTree = "<group>"; };
		29CE2E17251209AF00154178 /* SecondViewController.swift */ = {isa = PBXFileReference; lastKnownFileType = sourcecode.swift; path = SecondViewController.swift; sourceTree = "<group>"; };
/* End PBXFileReference section */

/* Begin PBXFrameworksBuildPhase section */
		29CE2DFB251206A200154178 /* Frameworks */ = {
			isa = PBXFrameworksBuildPhase;
			buildActionMask = 2147483647;
			files = (
			);
			runOnlyForDeploymentPostprocessing = 0;
		};
/* End PBXFrameworksBuildPhase section */

/* Begin PBXGroup section */
		29CE2DF5251206A200154178 = {
			isa = PBXGroup;
			children = (
				29CE2E00251206A200154178 /* Notification-Observer-Pattern */,
				29CE2DFF251206A200154178 /* Products */,
			);
			sourceTree = "<group>";
		};
		29CE2DFF251206A200154178 /* Products */ = {
			isa = PBXGroup;
			children = (
				29CE2DFE251206A200154178 /* Notification-Observer-Pattern.app */,
			);
			name = Products;
			sourceTree = "<group>";
		};
		29CE2E00251206A200154178 /* Notification-Observer-Pattern */ = {
			isa = PBXGroup;
			children = (
				29CE2E01251206A200154178 /* AppDelegate.swift */,
				29CE2E03251206A200154178 /* SceneDelegate.swift */,
				29CE2E07251206A200154178 /* Main.storyboard */,
				29CE2E0A251206A700154178 /* Assets.xcassets */,
				29CE2E0C251206A700154178 /* LaunchScreen.storyboard */,
				29CE2E0F251206A700154178 /* Info.plist */,
				29CE2E05251206A200154178 /* ViewController.swift */,
				29CE2E17251209AF00154178 /* SecondViewController.swift */,
			);
			path = "Notification-Observer-Pattern";
			sourceTree = "<group>";
		};
/* End PBXGroup section */

/* Begin PBXNativeTarget section */
		29CE2DFD251206A200154178 /* Notification-Observer-Pattern */ = {
			isa = PBXNativeTarget;
			buildConfigurationList = 29CE2E12251206A700154178 /* Build configuration list for PBXNativeTarget "Notification-Observer-Pattern" */;
			buildPhases = (
				29CE2DFA251206A200154178 /* Sources */,
				29CE2DFB251206A200154178 /* Frameworks */,
				29CE2DFC251206A200154178 /* Resources */,
			);
			buildRules = (
			);
			dependencies = (
			);
			name = "Notification-Observer-Pattern";
			productName = "Notification-Observer-Pattern";
			productReference = 29CE2DFE251206A200154178 /* Notification-Observer-Pattern.app */;
			productType = "com.apple.product-type.application";
		};
/* End PBXNativeTarget section */

/* Begin PBXProject section */
		29CE2DF6251206A200154178 /* Project object */ = {
			isa = PBXProject;
			attributes = {
				LastSwiftUpdateCheck = 1170;
				LastUpgradeCheck = 1170;
				ORGANIZATIONNAME = "Appnap WS01";
				TargetAttributes = {
					29CE2DFD251206A200154178 = {
						CreatedOnToolsVersion = 11.7;
					};
				};
			};
			buildConfigurationList = 29CE2DF9251206A200154178 /* Build configuration list for PBXProject "Notification-Observer-Pattern" */;
			compatibilityVersion = "Xcode 9.3";
			developmentRegion = en;
			hasScannedForEncodings = 0;
			knownRegions = (
				en,
				Base,
			);
			mainGroup = 29CE2DF5251206A200154178;
			productRefGroup = 29CE2DFF251206A200154178 /* Products */;
			projectDirPath = "";
			projectRoot = "";
			targets = (
				29CE2DFD251206A200154178 /* Notification-Observer-Pattern */,
			);
		};
/* End PBXProject section */

/* Begin PBXResourcesBuildPhase section */
		29CE2DFC251206A200154178 /* Resources */ = {
			isa = PBXResourcesBuildPhase;
			buildActionMask = 2147483647;
			files = (
				29CE2E0E251206A700154178 /* LaunchScreen.storyboard in Resources */,
				29CE2E0B251206A700154178 /* Assets.xcassets in Resources */,
				29CE2E09251206A200154178 /* Main.storyboard in Resources */,
			);
			runOnlyForDeploymentPostprocessing = 0;
		};
/* End PBXResourcesBuildPhase section */

/* Begin PBXSourcesBuildPhase section */
		29CE2DFA251206A200154178 /* Sources */ = {
			isa = PBXSourcesBuildPhase;
			buildActionMask = 2147483647;
			files = (
				29CE2E18251209AF00154178 /* SecondViewController.swift in Sources */,
				29CE2E06251206A200154178 /* ViewController.swift in Sources */,
				29CE2E02251206A200154178 /* AppDelegate.swift in Sources */,
				29CE2E04251206A200154178 /* SceneDelegate.swift in Sources */,
			);
			runOnlyForDeploymentPostprocessing = 0;
		};
/* End PBXSourcesBuildPhase section */

/* Begin PBXVariantGroup section */
		29CE2E07251206A200154178 /* Main.storyboard */ = {
			isa = PBXVariantGroup;
			children = (
				29CE2E08251206A200154178 /* Base */,
			);
			name = Main.storyboard;
			sourceTree = "<group>";
		};
		29CE2E0C251206A700154178 /* LaunchScreen.storyboard */ = {
			isa = PBXVariantGroup;
			children = (
				29CE2E0D251206A700154178 /* Base */,
			);
			name = LaunchScreen.storyboard;
			sourceTree = "<group>";
		};
/* End PBXVariantGroup section */

/* Begin XCBuildConfiguration section */
		29CE2E10251206A700154178 /* Debug */ = {
			isa = XCBuildConfiguration;
			buildSettings = {
				ALWAYS_SEARCH_USER_PATHS = NO;
				CLANG_ANALYZER_NONNULL = YES;
				CLANG_ANALYZER_NUMBER_OBJECT_CONVERSION = YES_AGGRESSIVE;
				CLANG_CXX_LANGUAGE_STANDARD = "gnu++14";
				CLANG_CXX_LIBRARY = "libc++";
				CLANG_ENABLE_MODULES = YES;
				CLANG_ENABLE_OBJC_ARC = YES;
				CLANG_ENABLE_OBJC_WEAK = YES;
				CLANG_WARN_BLOCK_CAPTURE_AUTORELEASING = YES;
				CLANG_WARN_BOOL_CONVERSION = YES;
				CLANG_WARN_COMMA = YES;
				CLANG_WARN_CONSTANT_CONVERSION = YES;
				CLANG_WARN_DEPRECATED_OBJC_IMPLEMENTATIONS = YES;
				CLANG_WARN_DIRECT_OBJC_ISA_USAGE = YES_ERROR;
				CLANG_WARN_DOCUMENTATION_COMMENTS = YES;
				CLANG_WARN_EMPTY_BODY = YES;
				CLANG_WARN_ENUM_CONVERSION = YES;
				CLANG_WARN_INFINITE_RECURSION = YES;
				CLANG_WARN_INT_CONVERSION = YES;
				CLANG_WARN_NON_LITERAL_NULL_CONVERSION = YES;
				CLANG_WARN_OBJC_IMPLICIT_RETAIN_SELF = YES;
				CLANG_WARN_OBJC_LITERAL_CONVERSION = YES;
				CLANG_WARN_OBJC_ROOT_CLASS = YES_ERROR;
				CLANG_WARN_RANGE_LOOP_ANALYSIS = YES;
				CLANG_WARN_STRICT_PROTOTYPES = YES;
				CLANG_WARN_SUSPICIOUS_MOVE = YES;
				CLANG_WARN_UNGUARDED_AVAILABILITY = YES_AGGRESSIVE;
				CLANG_WARN_UNREACHABLE_CODE = YES;
				CLANG_WARN__DUPLICATE_METHOD_MATCH = YES;
				COPY_PHASE_STRIP = NO;
				DEBUG_INFORMATION_FORMAT = dwarf;
				ENABLE_STRICT_OBJC_MSGSEND = YES;
				ENABLE_TESTABILITY = YES;
				GCC_C_LANGUAGE_STANDARD = gnu11;
				GCC_DYNAMIC_NO_PIC = NO;
				GCC_NO_COMMON_BLOCKS = YES;
				GCC_OPTIMIZATION_LEVEL = 0;
				GCC_PREPROCESSOR_DEFINITIONS = (
					"DEBUG=1",
					"$(inherited)",
				);
				GCC_WARN_64_TO_32_BIT_CONVERSION = YES;
				GCC_WARN_ABOUT_RETURN_TYPE = YES_ERROR;
				GCC_WARN_UNDECLARED_SELECTOR = YES;
				GCC_WARN_UNINITIALIZED_AUTOS = YES_AGGRESSIVE;
				GCC_WARN_UNUSED_FUNCTION = YES;
				GCC_WARN_UNUSED_VARIABLE = YES;
				IPHONEOS_DEPLOYMENT_TARGET = 13.7;
				MTL_ENABLE_DEBUG_INFO = INCLUDE_SOURCE;
				MTL_FAST_MATH = YES;
				ONLY_ACTIVE_ARCH = YES;
				SDKROOT = iphoneos;
				SWIFT_ACTIVE_COMPILATION_CONDITIONS = DEBUG;
				SWIFT_OPTIMIZATION_LEVEL = "-Onone";
			};
			name = Debug;
		};
		29CE2E11251206A700154178 /* Release */ = {
			isa = XCBuildConfiguration;
			buildSettings = {
				ALWAYS_SEARCH_USER_PATHS = NO;
				CLANG_ANALYZER_NONNULL = YES;
				CLANG_ANALYZER_NUMBER_OBJECT_CONVERSION = YES_AGGRESSIVE;
				CLANG_CXX_LANGUAGE_STANDARD = "gnu++14";
				CLANG_CXX_LIBRARY = "libc++";
				CLANG_ENABLE_MODULES = YES;
				CLANG_ENABLE_OBJC_ARC = YES;
				CLANG_ENABLE_OBJC_WEAK = YES;
				CLANG_WARN_BLOCK_CAPTURE_AUTORELEASING = YES;
				CLANG_WARN_BOOL_CONVERSION = YES;
				CLANG_WARN_COMMA = YES;
				CLANG_WARN_CONSTANT_CONVERSION = YES;
				CLANG_WARN_DEPRECATED_OBJC_IMPLEMENTATIONS = YES;
				CLANG_WARN_DIRECT_OBJC_ISA_USAGE = YES_ERROR;
				CLANG_WARN_DOCUMENTATION_COMMENTS = YES;
				CLANG_WARN_EMPTY_BODY = YES;
				CLANG_WARN_ENUM_CONVERSION = YES;
				CLANG_WARN_INFINITE_RECURSION = YES;
				CLANG_WARN_INT_CONVERSION = YES;
				CLANG_WARN_NON_LITERAL_NULL_CONVERSION = YES;
				CLANG_WARN_OBJC_IMPLICIT_RETAIN_SELF = YES;
				CLANG_WARN_OBJC_LITERAL_CONVERSION = YES;
				CLANG_WARN_OBJC_ROOT_CLASS = YES_ERROR;
				CLANG_WARN_RANGE_LOOP_ANALYSIS = YES;
				CLANG_WARN_STRICT_PROTOTYPES = YES;
				CLANG_WARN_SUSPICIOUS_MOVE = YES;
				CLANG_WARN_UNGUARDED_AVAILABILITY = YES_AGGRESSIVE;
				CLANG_WARN_UNREACHABLE_CODE = YES;
				CLANG_WARN__DUPLICATE_METHOD_MATCH = YES;
				COPY_PHASE_STRIP = NO;
				DEBUG_INFORMATION_FORMAT = "dwarf-with-dsym";
				ENABLE_NS_ASSERTIONS = NO;
				ENABLE_STRICT_OBJC_MSGSEND = YES;
				GCC_C_LANGUAGE_STANDARD = gnu11;
				GCC_NO_COMMON_BLOCKS = YES;
				GCC_WARN_64_TO_32_BIT_CONVERSION = YES;
				GCC_WARN_ABOUT_RETURN_TYPE = YES_ERROR;
				GCC_WARN_UNDECLARED_SELECTOR = YES;
				GCC_WARN_UNINITIALIZED_AUTOS = YES_AGGRESSIVE;
				GCC_WARN_UNUSED_FUNCTION = YES;
				GCC_WARN_UNUSED_VARIABLE = YES;
				IPHONEOS_DEPLOYMENT_TARGET = 13.7;
				MTL_ENABLE_DEBUG_INFO = NO;
				MTL_FAST_MATH = YES;
				SDKROOT = iphoneos;
				SWIFT_COMPILATION_MODE = wholemodule;
				SWIFT_OPTIMIZATION_LEVEL = "-O";
				VALIDATE_PRODUCT = YES;
			};
			name = Release;
		};
		29CE2E13251206A700154178 /* Debug */ = {
			isa = XCBuildConfiguration;
			buildSettings = {
				ASSETCATALOG_COMPILER_APPICON_NAME = AppIcon;
				CODE_SIGN_STYLE = Automatic;
				INFOPLIST_FILE = "Notification-Observer-Pattern/Info.plist";
				LD_RUNPATH_SEARCH_PATHS = (
					"$(inherited)",
					"@executable_path/Frameworks",
				);
				PRODUCT_BUNDLE_IDENTIFIER = "com.Appnap.Notification-Observer-Pattern";
				PRODUCT_NAME = "$(TARGET_NAME)";
				SWIFT_VERSION = 5.0;
				TARGETED_DEVICE_FAMILY = "1,2";
			};
			name = Debug;
		};
		29CE2E14251206A700154178 /* Release */ = {
			isa = XCBuildConfiguration;
			buildSettings = {
				ASSETCATALOG_COMPILER_APPICON_NAME = AppIcon;
				CODE_SIGN_STYLE = Automatic;
				INFOPLIST_FILE = "Notification-Observer-Pattern/Info.plist";
				LD_RUNPATH_SEARCH_PATHS = (
					"$(inherited)",
					"@executable_path/Frameworks",
				);
				PRODUCT_BUNDLE_IDENTIFIER = "com.Appnap.Notification-Observer-Pattern";
				PRODUCT_NAME = "$(TARGET_NAME)";
				SWIFT_VERSION = 5.0;
				TARGETED_DEVICE_FAMILY = "1,2";
			};
			name = Release;
		};
/* End XCBuildConfiguration section */

/* Begin XCConfigurationList section */
		29CE2DF9251206A200154178 /* Build configuration list for PBXProject "Notification-Observer-Pattern" */ = {
			isa = XCConfigurationList;
			buildConfigurations = (
				29CE2E10251206A700154178 /* Debug */,
				29CE2E11251206A700154178 /* Release */,
			);
			defaultConfigurationIsVisible = 0;
			defaultConfigurationName = Release;
		};
		29CE2E12251206A700154178 /* Build configuration list for PBXNativeTarget "Notification-Observer-Pattern" */ = {
			isa = XCConfigurationList;
			buildConfigurations = (
				29CE2E13251206A700154178 /* Debug */,
				29CE2E14251206A700154178 /* Release */,
			);
			defaultConfigurationIsVisible = 0;
			defaultConfigurationName = Release;
		};
/* End XCConfigurationList section */
	};
	rootObject = 29CE2DF6251206A200154178 /* Project object */;
}
